
Microsoft Visual Studio Solution File, Format Version 12.00
# Visual Studio 14
VisualStudioVersion = 14.0.25420.1
MinimumVisualStudioVersion = 10.0.40219.1
Project("{FAE04EC0-301F-11D3-BF4B-00C04F79EFBC}") = "Lesson_6", "Lesson_6.csproj", "{3BF836FC-25BC-4901-85FF-FB8C525DAEAD}"
EndProject
Project("{FAE04EC0-301F-11D3-BF4B-00C04F79EFBC}") = "Lesson_5", "..\Lesson_5\Lesson_5\Lesson_5.csproj", "{D17AE01F-BC59-4E8C-BD3A-B854862E3099}"
EndProject
Project("{FAE04EC0-301F-11D3-BF4B-00C04F79EFBC}") = "Task_7", "..\Lesson_4\Task_7\Task_7.csproj", "{48255E56-6865-4D18-A635-D66820EA8786}"
EndProject
Global
	GlobalSection(SolutionConfigurationPlatforms) = preSolution
		Debug|Any CPU = Debug|Any CPU
		Release|Any CPU = Release|Any CPU
	EndGlobalSection
	GlobalSection(ProjectConfigurationPlatforms) = postSolution
		{3BF836FC-25BC-4901-85FF-FB8C525DAEAD}.Debug|Any CPU.ActiveCfg = Debug|Any CPU
		{3BF836FC-25BC-4901-85FF-FB8C525DAEAD}.Debug|Any CPU.Build.0 = Debug|Any CPU
		{3BF836FC-25BC-4901-85FF-FB8C525DAEAD}.Release|Any CPU.ActiveCfg = Release|Any CPU
		{3BF836FC-25BC-4901-85FF-FB8C525DAEAD}.Release|Any CPU.Build.0 = Release|Any CPU
		{D17AE01F-BC59-4E8C-BD3A-B854862E3099}.Debug|Any CPU.ActiveCfg = Debug|Any CPU
		{D17AE01F-BC59-4E8C-BD3A-B854862E3099}.Debug|Any CPU.Build.0 = Debug|Any CPU
		{D17AE01F-BC59-4E8C-BD3A-B854862E3099}.Release|Any CPU.ActiveCfg = Release|Any CPU
		{D17AE01F-BC59-4E8C-BD3A-B854862E3099}.Release|Any CPU.Build.0 = Release|Any CPU
		{48255E56-6865-4D18-A635-D66820EA8786}.Debug|Any CPU.ActiveCfg = Debug|Any CPU
		{48255E56-6865-4D18-A635-D66820EA8786}.Debug|Any CPU.Build.0 = Debug|Any CPU
		{48255E56-6865-4D18-A635-D66820EA8786}.Release|Any CPU.ActiveCfg = Release|Any CPU
		{48255E56-6865-4D18-A635-D66820EA8786}.Release|Any CPU.Build.0 = Release|Any CPU
	EndGlobalSection
	GlobalSection(SolutionProperties) = preSolution
		HideSolutionNode = FALSE
	EndGlobalSection
EndGlobal
